
Microsoft Visual Studio Solution File, Format Version 12.00
# Visual Studio Version 16
VisualStudioVersion = 16.0.29123.88
MinimumVisualStudioVersion = 10.0.40219.1
Project("{9A19103F-16F7-4668-BE54-9A1E7A4F7556}") = "Globomantics-Lambda-Function", "Globomantics-Lambda-Function\Globomantics-Lambda-Function.csproj", "{A5DD4C10-FD54-48E1-9A53-0960BB46F0F4}"
EndProject
Global
	GlobalSection(SolutionConfigurationPlatforms) = preSolution
		Debug|Any CPU = Debug|Any CPU
		Release|Any CPU = Release|Any CPU
	EndGlobalSection
	GlobalSection(ProjectConfigurationPlatforms) = postSolution
		{A5DD4C10-FD54-48E1-9A53-0960BB46F0F4}.Debug|Any CPU.ActiveCfg = Debug|Any CPU
		{A5DD4C10-FD54-48E1-9A53-0960BB46F0F4}.Debug|Any CPU.Build.0 = Debug|Any CPU
		{A5DD4C10-FD54-48E1-9A53-0960BB46F0F4}.Release|Any CPU.ActiveCfg = Release|Any CPU
		{A5DD4C10-FD54-48E1-9A53-0960BB46F0F4}.Release|Any CPU.Build.0 = Release|Any CPU
	EndGlobalSection
	GlobalSection(SolutionProperties) = preSolution
		HideSolutionNode = FALSE
	EndGlobalSection
	GlobalSection(ExtensibilityGlobals) = postSolution
		SolutionGuid = {069F6D7A-1529-4C21-B66A-A07C8B96D99A}
	EndGlobalSection
EndGlobal
